
Microsoft Visual Studio Solution File, Format Version 12.00
# Visual Studio Version 17
VisualStudioVersion = 17.8.34316.72
MinimumVisualStudioVersion = 10.0.40219.1
Project("{FAE04EC0-301F-11D3-BF4B-00C04F79EFBC}") = "ApiTareas", "ApiTareas\ApiTareas.csproj", "{B0728EF4-C669-4D7E-84FE-25A9B82E5487}"
EndProject
Project("{FAE04EC0-301F-11D3-BF4B-00C04F79EFBC}") = "TAreasAPP", "TAreasAPP\TAreasAPP.csproj", "{40D2E615-A754-4AA6-BF08-2A47C3ED0E3D}"
EndProject
Global
	GlobalSection(SolutionConfigurationPlatforms) = preSolution
		Debug|Any CPU = Debug|Any CPU
		Release|Any CPU = Release|Any CPU
	EndGlobalSection
	GlobalSection(ProjectConfigurationPlatforms) = postSolution
		{B0728EF4-C669-4D7E-84FE-25A9B82E5487}.Debug|Any CPU.ActiveCfg = Debug|Any CPU
		{B0728EF4-C669-4D7E-84FE-25A9B82E5487}.Debug|Any CPU.Build.0 = Debug|Any CPU
		{B0728EF4-C669-4D7E-84FE-25A9B82E5487}.Release|Any CPU.ActiveCfg = Release|Any CPU
		{B0728EF4-C669-4D7E-84FE-25A9B82E5487}.Release|Any CPU.Build.0 = Release|Any CPU
		{40D2E615-A754-4AA6-BF08-2A47C3ED0E3D}.Debug|Any CPU.ActiveCfg = Debug|Any CPU
		{40D2E615-A754-4AA6-BF08-2A47C3ED0E3D}.Debug|Any CPU.Build.0 = Debug|Any CPU
		{40D2E615-A754-4AA6-BF08-2A47C3ED0E3D}.Debug|Any CPU.Deploy.0 = Debug|Any CPU
		{40D2E615-A754-4AA6-BF08-2A47C3ED0E3D}.Release|Any CPU.ActiveCfg = Release|Any CPU
		{40D2E615-A754-4AA6-BF08-2A47C3ED0E3D}.Release|Any CPU.Build.0 = Release|Any CPU
		{40D2E615-A754-4AA6-BF08-2A47C3ED0E3D}.Release|Any CPU.Deploy.0 = Release|Any CPU
	EndGlobalSection
	GlobalSection(SolutionProperties) = preSolution
		HideSolutionNode = FALSE
	EndGlobalSection
	GlobalSection(ExtensibilityGlobals) = postSolution
		SolutionGuid = {64E981EA-7A1A-48DB-971E-AD061439D61A}
	EndGlobalSection
EndGlobal
